
Microsoft Visual Studio Solution File, Format Version 12.00
# Visual Studio Version 17
VisualStudioVersion = 17.7.34302.85
MinimumVisualStudioVersion = 10.0.40219.1
Project("{8BC9CEB8-8B4A-11D0-8D11-00A0C91BC942}") = "GameServer", "GameServer\GameServer.vcxproj", "{7E601F93-179E-485C-A64E-72465DFF7713}"
EndProject
Project("{8BC9CEB8-8B4A-11D0-8D11-00A0C91BC942}") = "DummyClient", "DummyClient\DummyClient.vcxproj", "{18E3288A-4123-47DA-964F-0E8E289A786C}"
EndProject
Project("{8BC9CEB8-8B4A-11D0-8D11-00A0C91BC942}") = "ServerCore", "ServerCore\ServerCore.vcxproj", "{DA355BA8-5123-4F77-857D-B2B11F450974}"
EndProject
Global
	GlobalSection(SolutionConfigurationPlatforms) = preSolution
		Debug|x64 = Debug|x64
		Debug|x86 = Debug|x86
		Release|x64 = Release|x64
		Release|x86 = Release|x86
	EndGlobalSection
	GlobalSection(ProjectConfigurationPlatforms) = postSolution
		{7E601F93-179E-485C-A64E-72465DFF7713}.Debug|x64.ActiveCfg = Debug|x64
		{7E601F93-179E-485C-A64E-72465DFF7713}.Debug|x64.Build.0 = Debug|x64
		{7E601F93-179E-485C-A64E-72465DFF7713}.Debug|x86.ActiveCfg = Debug|Win32
		{7E601F93-179E-485C-A64E-72465DFF7713}.Debug|x86.Build.0 = Debug|Win32
		{7E601F93-179E-485C-A64E-72465DFF7713}.Release|x64.ActiveCfg = Release|x64
		{7E601F93-179E-485C-A64E-72465DFF7713}.Release|x64.Build.0 = Release|x64
		{7E601F93-179E-485C-A64E-72465DFF7713}.Release|x86.ActiveCfg = Release|Win32
		{7E601F93-179E-485C-A64E-72465DFF7713}.Release|x86.Build.0 = Release|Win32
		{18E3288A-4123-47DA-964F-0E8E289A786C}.Debug|x64.ActiveCfg = Debug|x64
		{18E3288A-4123-47DA-964F-0E8E289A786C}.Debug|x64.Build.0 = Debug|x64
		{18E3288A-4123-47DA-964F-0E8E289A786C}.Debug|x86.ActiveCfg = Debug|Win32
		{18E3288A-4123-47DA-964F-0E8E289A786C}.Debug|x86.Build.0 = Debug|Win32
		{18E3288A-4123-47DA-964F-0E8E289A786C}.Release|x64.ActiveCfg = Release|x64
		{18E3288A-4123-47DA-964F-0E8E289A786C}.Release|x64.Build.0 = Release|x64
		{18E3288A-4123-47DA-964F-0E8E289A786C}.Release|x86.ActiveCfg = Release|Win32
		{18E3288A-4123-47DA-964F-0E8E289A786C}.Release|x86.Build.0 = Release|Win32
		{DA355BA8-5123-4F77-857D-B2B11F450974}.Debug|x64.ActiveCfg = Debug|x64
		{DA355BA8-5123-4F77-857D-B2B11F450974}.Debug|x64.Build.0 = Debug|x64
		{DA355BA8-5123-4F77-857D-B2B11F450974}.Debug|x86.ActiveCfg = Debug|Win32
		{DA355BA8-5123-4F77-857D-B2B11F450974}.Debug|x86.Build.0 = Debug|Win32
		{DA355BA8-5123-4F77-857D-B2B11F450974}.Release|x64.ActiveCfg = Release|x64
		{DA355BA8-5123-4F77-857D-B2B11F450974}.Release|x64.Build.0 = Release|x64
		{DA355BA8-5123-4F77-857D-B2B11F450974}.Release|x86.ActiveCfg = Release|Win32
		{DA355BA8-5123-4F77-857D-B2B11F450974}.Release|x86.Build.0 = Release|Win32
	EndGlobalSection
	GlobalSection(SolutionProperties) = preSolution
		HideSolutionNode = FALSE
	EndGlobalSection
	GlobalSection(ExtensibilityGlobals) = postSolution
		SolutionGuid = {E880ADEA-DD01-43CA-87DF-31DEB04CD3E1}
	EndGlobalSection
EndGlobal
